// !$*UTF8*$!
{
	archiveVersion = 1;
	classes = {
	};
	objectVersion = 46;
	objects = {

/* Begin PBXBuildFile section */
		0C1BC3FE17356AB6004F1E75 /* UIKit.framework in Frameworks */ = {isa = PBXBuildFile; fileRef = 0C1BC3FD17356AB6004F1E75 /* UIKit.framework */; };
		0C1BC40017356AB6004F1E75 /* Foundation.framework in Frameworks */ = {isa = PBXBuildFile; fileRef = 0C1BC3FF17356AB6004F1E75 /* Foundation.framework */; };
		0C1BC40217356AB6004F1E75 /* CoreGraphics.framework in Frameworks */ = {isa = PBXBuildFile; fileRef = 0C1BC40117356AB6004F1E75 /* CoreGraphics.framework */; };
		0C1BC40817356AB6004F1E75 /* InfoPlist.strings in Resources */ = {isa = PBXBuildFile; fileRef = 0C1BC40617356AB6004F1E75 /* InfoPlist.strings */; };
		0C1BC40A17356AB6004F1E75 /* main.m in Sources */ = {isa = PBXBuildFile; fileRef = 0C1BC40917356AB6004F1E75 /* main.m */; };
		0C1BC40E17356AB6004F1E75 /* HBAppDelegate.m in Sources */ = {isa = PBXBuildFile; fileRef = 0C1BC40D17356AB6004F1E75 /* HBAppDelegate.m */; };
		0C1BC41017356AB6004F1E75 /* Default.png in Resources */ = {isa = PBXBuildFile; fileRef = 0C1BC40F17356AB6004F1E75 /* Default.png */; };
		0C1BC41217356AB6004F1E75 /* Default@2x.png in Resources */ = {isa = PBXBuildFile; fileRef = 0C1BC41117356AB6004F1E75 /* Default@2x.png */; };
		0C1BC41417356AB6004F1E75 /* Default-568h@2x.png in Resources */ = {isa = PBXBuildFile; fileRef = 0C1BC41317356AB6004F1E75 /* Default-568h@2x.png */; };
		0C1BC41717356AB6004F1E75 /* MainStoryboard_iPhone.storyboard in Resources */ = {isa = PBXBuildFile; fileRef = 0C1BC41517356AB6004F1E75 /* MainStoryboard_iPhone.storyboard */; };
		0C1BC41A17356AB6004F1E75 /* MainStoryboard_iPad.storyboard in Resources */ = {isa = PBXBuildFile; fileRef = 0C1BC41817356AB6004F1E75 /* MainStoryboard_iPad.storyboard */; };
		0C1BC41D17356AB6004F1E75 /* HBFirstViewController.m in Sources */ = {isa = PBXBuildFile; fileRef = 0C1BC41C17356AB6004F1E75 /* HBFirstViewController.m */; };
		0C1BC41F17356AB6004F1E75 /* first.png in Resources */ = {isa = PBXBuildFile; fileRef = 0C1BC41E17356AB6004F1E75 /* first.png */; };
		0C1BC42117356AB6004F1E75 /* first@2x.png in Resources */ = {isa = PBXBuildFile; fileRef = 0C1BC42017356AB6004F1E75 /* first@2x.png */; };
		0C1BC42417356AB6004F1E75 /* HBSecondViewController.m in Sources */ = {isa = PBXBuildFile; fileRef = 0C1BC42317356AB6004F1E75 /* HBSecondViewController.m */; };
		0C1BC42617356AB6004F1E75 /* second.png in Resources */ = {isa = PBXBuildFile; fileRef = 0C1BC42517356AB6004F1E75 /* second.png */; };
		0C1BC42817356AB6004F1E75 /* second@2x.png in Resources */ = {isa = PBXBuildFile; fileRef = 0C1BC42717356AB6004F1E75 /* second@2x.png */; };
		0C1BC42F17356B86004F1E75 /* MapKit.framework in Frameworks */ = {isa = PBXBuildFile; fileRef = 0C1BC42E17356B86004F1E75 /* MapKit.framework */; };
		0C519E9D17359999001DF43F /* HBPropertyFeatureController.m in Sources */ = {isa = PBXBuildFile; fileRef = 0C519E9C17359999001DF43F /* HBPropertyFeatureController.m */; };
		0CBBD9FF17359DBC007EEBCC /* HBFeatureController.m in Sources */ = {isa = PBXBuildFile; fileRef = 0CBBD9FE17359DBC007EEBCC /* HBFeatureController.m */; };
		0CBBDA011735A880007EEBCC /* house.jpg in Resources */ = {isa = PBXBuildFile; fileRef = 0CBBDA001735A880007EEBCC /* house.jpg */; };
		30042BB117357529002ACE9D /* libiSpeechSDK.a in Frameworks */ = {isa = PBXBuildFile; fileRef = 30042BB017357528002ACE9D /* libiSpeechSDK.a */; };
		30042BB31735754F002ACE9D /* iSpeechSDK.bundle in Resources */ = {isa = PBXBuildFile; fileRef = 30042BB21735754F002ACE9D /* iSpeechSDK.bundle */; };
		30042BB517357626002ACE9D /* AudioToolbox.framework in Frameworks */ = {isa = PBXBuildFile; fileRef = 30042BB417357626002ACE9D /* AudioToolbox.framework */; };
		30042BB717357635002ACE9D /* SystemConfiguration.framework in Frameworks */ = {isa = PBXBuildFile; fileRef = 30042BB617357635002ACE9D /* SystemConfiguration.framework */; };
		30042BB917357645002ACE9D /* Security.framework in Frameworks */ = {isa = PBXBuildFile; fileRef = 30042BB817357645002ACE9D /* Security.framework */; };
		30042BBB17357651002ACE9D /* CFNetwork.framework in Frameworks */ = {isa = PBXBuildFile; fileRef = 30042BBA17357651002ACE9D /* CFNetwork.framework */; };
		30042BC517358487002ACE9D /* HBCollectInfoViewController.m in Sources */ = {isa = PBXBuildFile; fileRef = 30042BC417358487002ACE9D /* HBCollectInfoViewController.m */; };
		30042BF31735A531002ACE9D /* btnCheck.png in Resources */ = {isa = PBXBuildFile; fileRef = 30042BED1735A531002ACE9D /* btnCheck.png */; };
		30042BF41735A531002ACE9D /* btnCheck@2x.png in Resources */ = {isa = PBXBuildFile; fileRef = 30042BEE1735A531002ACE9D /* btnCheck@2x.png */; };
		30042BF51735A531002ACE9D /* HUD.m in Sources */ = {isa = PBXBuildFile; fileRef = 30042BF01735A531002ACE9D /* HUD.m */; };
		30042BF61735A531002ACE9D /* MBProgressHUD.m in Sources */ = {isa = PBXBuildFile; fileRef = 30042BF21735A531002ACE9D /* MBProgressHUD.m */; };
		30042C111735A587002ACE9D /* JSONModel.m in Sources */ = {isa = PBXBuildFile; fileRef = 30042BFA1735A587002ACE9D /* JSONModel.m */; };
		30042C121735A587002ACE9D /* JSONModelArray.m in Sources */ = {isa = PBXBuildFile; fileRef = 30042BFC1735A587002ACE9D /* JSONModelArray.m */; };
		30042C131735A587002ACE9D /* JSONModelClassProperty.m in Sources */ = {isa = PBXBuildFile; fileRef = 30042BFE1735A587002ACE9D /* JSONModelClassProperty.m */; };
		30042C141735A587002ACE9D /* JSONModelError.m in Sources */ = {isa = PBXBuildFile; fileRef = 30042C001735A587002ACE9D /* JSONModelError.m */; };
		30042C151735A587002ACE9D /* NSArray+JSONModel.m in Sources */ = {isa = PBXBuildFile; fileRef = 30042C031735A587002ACE9D /* NSArray+JSONModel.m */; };
		30042C161735A587002ACE9D /* JSONAPI.m in Sources */ = {isa = PBXBuildFile; fileRef = 30042C071735A587002ACE9D /* JSONAPI.m */; };
		30042C171735A587002ACE9D /* JSONHTTPClient.m in Sources */ = {isa = PBXBuildFile; fileRef = 30042C091735A587002ACE9D /* JSONHTTPClient.m */; };
		30042C181735A587002ACE9D /* JSONModel+networking.m in Sources */ = {isa = PBXBuildFile; fileRef = 30042C0B1735A587002ACE9D /* JSONModel+networking.m */; };
		30042C191735A587002ACE9D /* JSONKeyMapper.m in Sources */ = {isa = PBXBuildFile; fileRef = 30042C0E1735A587002ACE9D /* JSONKeyMapper.m */; };
		30042C1A1735A587002ACE9D /* JSONValueTransformer.m in Sources */ = {isa = PBXBuildFile; fileRef = 30042C101735A587002ACE9D /* JSONValueTransformer.m */; };
		30042C1D1735A687002ACE9D /* HBOpinion.m in Sources */ = {isa = PBXBuildFile; fileRef = 30042C1C1735A687002ACE9D /* HBOpinion.m */; };
		30042C1F173613A7002ACE9D /* MobileCoreServices.framework in Frameworks */ = {isa = PBXBuildFile; fileRef = 30042C1E173613A7002ACE9D /* MobileCoreServices.framework */; };
		30042C2217361C09002ACE9D /* HBCameraViewController.m in Sources */ = {isa = PBXBuildFile; fileRef = 30042C2117361C09002ACE9D /* HBCameraViewController.m */; };
		30948355173627AC00D5089A /* housebook-logo_4lj0x50of0iogbuo.png in Resources */ = {isa = PBXBuildFile; fileRef = 30948354173627AC00D5089A /* housebook-logo_4lj0x50of0iogbuo.png */; };
		3094835917362C1C00D5089A /* HouseBook_Splash320x960.png in Resources */ = {isa = PBXBuildFile; fileRef = 3094835617362C1C00D5089A /* HouseBook_Splash320x960.png */; };
		3094835A17362C1C00D5089A /* housebook-logo_57x57.png in Resources */ = {isa = PBXBuildFile; fileRef = 3094835717362C1C00D5089A /* housebook-logo_57x57.png */; };
		3094835B17362C1C00D5089A /* housebook-logo_114x114.png in Resources */ = {isa = PBXBuildFile; fileRef = 3094835817362C1C00D5089A /* housebook-logo_114x114.png */; };
		3094835D17362C4000D5089A /* housebook-logo_57x57.png in Resources */ = {isa = PBXBuildFile; fileRef = 3094835C17362C4000D5089A /* housebook-logo_57x57.png */; };
		3094835F17362C4C00D5089A /* housebook-logo_114x114.png in Resources */ = {isa = PBXBuildFile; fileRef = 3094835E17362C4C00D5089A /* housebook-logo_114x114.png */; };
		3094836117362C6100D5089A /* Default@2x.png in Resources */ = {isa = PBXBuildFile; fileRef = 3094836017362C6100D5089A /* Default@2x.png */; };
		3094836317362C7100D5089A /* Default.png in Resources */ = {isa = PBXBuildFile; fileRef = 3094836217362C7100D5089A /* Default.png */; };
		3094836517362C9200D5089A /* Default-568h@2x.png in Resources */ = {isa = PBXBuildFile; fileRef = 3094836417362C9200D5089A /* Default-568h@2x.png */; };
		309483681736E20900D5089A /* HBScrapbookViewController.m in Sources */ = {isa = PBXBuildFile; fileRef = 309483671736E20900D5089A /* HBScrapbookViewController.m */; };
/* End PBXBuildFile section */

/* Begin PBXFileReference section */
		0C1BC3FA17356AB6004F1E75 /* Housebook.app */ = {isa = PBXFileReference; explicitFileType = wrapper.application; includeInIndex = 0; path = Housebook.app; sourceTree = BUILT_PRODUCTS_DIR; };
		0C1BC3FD17356AB6004F1E75 /* UIKit.framework */ = {isa = PBXFileReference; lastKnownFileType = wrapper.framework; name = UIKit.framework; path = System/Library/Frameworks/UIKit.framework; sourceTree = SDKROOT; };
		0C1BC3FF17356AB6004F1E75 /* Foundation.framework */ = {isa = PBXFileReference; lastKnownFileType = wrapper.framework; name = Foundation.framework; path = System/Library/Frameworks/Foundation.framework; sourceTree = SDKROOT; };
		0C1BC40117356AB6004F1E75 /* CoreGraphics.framework */ = {isa = PBXFileReference; lastKnownFileType = wrapper.framework; name = CoreGraphics.framework; path = System/Library/Frameworks/CoreGraphics.framework; sourceTree = SDKROOT; };
		0C1BC40517356AB6004F1E75 /* Housebook-Info.plist */ = {isa = PBXFileReference; lastKnownFileType = text.plist.xml; path = "Housebook-Info.plist"; sourceTree = "<group>"; };
		0C1BC40717356AB6004F1E75 /* en */ = {isa = PBXFileReference; lastKnownFileType = text.plist.strings; name = en; path = en.lproj/InfoPlist.strings; sourceTree = "<group>"; };
		0C1BC40917356AB6004F1E75 /* main.m */ = {isa = PBXFileReference; lastKnownFileType = sourcecode.c.objc; path = main.m; sourceTree = "<group>"; };
		0C1BC40B17356AB6004F1E75 /* Housebook-Prefix.pch */ = {isa = PBXFileReference; lastKnownFileType = sourcecode.c.h; path = "Housebook-Prefix.pch"; sourceTree = "<group>"; };
		0C1BC40C17356AB6004F1E75 /* HBAppDelegate.h */ = {isa = PBXFileReference; lastKnownFileType = sourcecode.c.h; path = HBAppDelegate.h; sourceTree = "<group>"; };
		0C1BC40D17356AB6004F1E75 /* HBAppDelegate.m */ = {isa = PBXFileReference; lastKnownFileType = sourcecode.c.objc; path = HBAppDelegate.m; sourceTree = "<group>"; };
		0C1BC40F17356AB6004F1E75 /* Default.png */ = {isa = PBXFileReference; lastKnownFileType = image.png; path = Default.png; sourceTree = "<group>"; };
		0C1BC41117356AB6004F1E75 /* Default@2x.png */ = {isa = PBXFileReference; lastKnownFileType = image.png; path = "Default@2x.png"; sourceTree = "<group>"; };
		0C1BC41317356AB6004F1E75 /* Default-568h@2x.png */ = {isa = PBXFileReference; lastKnownFileType = image.png; path = "Default-568h@2x.png"; sourceTree = "<group>"; };
		0C1BC41617356AB6004F1E75 /* en */ = {isa = PBXFileReference; lastKnownFileType = file.storyboard; name = en; path = en.lproj/MainStoryboard_iPhone.storyboard; sourceTree = "<group>"; };
		0C1BC41917356AB6004F1E75 /* en */ = {isa = PBXFileReference; lastKnownFileType = file.storyboard; name = en; path = en.lproj/MainStoryboard_iPad.storyboard; sourceTree = "<group>"; };
		0C1BC41B17356AB6004F1E75 /* HBFirstViewController.h */ = {isa = PBXFileReference; lastKnownFileType = sourcecode.c.h; path = HBFirstViewController.h; sourceTree = "<group>"; };
		0C1BC41C17356AB6004F1E75 /* HBFirstViewController.m */ = {isa = PBXFileReference; lastKnownFileType = sourcecode.c.objc; path = HBFirstViewController.m; sourceTree = "<group>"; };
		0C1BC41E17356AB6004F1E75 /* first.png */ = {isa = PBXFileReference; lastKnownFileType = image.png; path = first.png; sourceTree = "<group>"; };
		0C1BC42017356AB6004F1E75 /* first@2x.png */ = {isa = PBXFileReference; lastKnownFileType = image.png; path = "first@2x.png"; sourceTree = "<group>"; };
		0C1BC42217356AB6004F1E75 /* HBSecondViewController.h */ = {isa = PBXFileReference; lastKnownFileType = sourcecode.c.h; path = HBSecondViewController.h; sourceTree = "<group>"; };
		0C1BC42317356AB6004F1E75 /* HBSecondViewController.m */ = {isa = PBXFileReference; lastKnownFileType = sourcecode.c.objc; path = HBSecondViewController.m; sourceTree = "<group>"; };
		0C1BC42517356AB6004F1E75 /* second.png */ = {isa = PBXFileReference; lastKnownFileType = image.png; path = second.png; sourceTree = "<group>"; };
		0C1BC42717356AB6004F1E75 /* second@2x.png */ = {isa = PBXFileReference; lastKnownFileType = image.png; path = "second@2x.png"; sourceTree = "<group>"; };
		0C1BC42E17356B86004F1E75 /* MapKit.framework */ = {isa = PBXFileReference; lastKnownFileType = wrapper.framework; name = MapKit.framework; path = System/Library/Frameworks/MapKit.framework; sourceTree = SDKROOT; };
		0C519E9B17359999001DF43F /* HBPropertyFeatureController.h */ = {isa = PBXFileReference; fileEncoding = 4; lastKnownFileType = sourcecode.c.h; path = HBPropertyFeatureController.h; sourceTree = "<group>"; };
		0C519E9C17359999001DF43F /* HBPropertyFeatureController.m */ = {isa = PBXFileReference; fileEncoding = 4; lastKnownFileType = sourcecode.c.objc; path = HBPropertyFeatureController.m; sourceTree = "<group>"; };
		0CBBD9FD17359DBC007EEBCC /* HBFeatureController.h */ = {isa = PBXFileReference; fileEncoding = 4; lastKnownFileType = sourcecode.c.h; path = HBFeatureController.h; sourceTree = "<group>"; };
		0CBBD9FE17359DBC007EEBCC /* HBFeatureController.m */ = {isa = PBXFileReference; fileEncoding = 4; lastKnownFileType = sourcecode.c.objc; path = HBFeatureController.m; sourceTree = "<group>"; };
		0CBBDA001735A880007EEBCC /* house.jpg */ = {isa = PBXFileReference; lastKnownFileType = image.jpeg; path = house.jpg; sourceTree = "<group>"; };
		30042BB017357528002ACE9D /* libiSpeechSDK.a */ = {isa = PBXFileReference; lastKnownFileType = archive.ar; path = libiSpeechSDK.a; sourceTree = "<group>"; };
		30042BB21735754F002ACE9D /* iSpeechSDK.bundle */ = {isa = PBXFileReference; lastKnownFileType = "wrapper.plug-in"; path = iSpeechSDK.bundle; sourceTree = "<group>"; };
		30042BB417357626002ACE9D /* AudioToolbox.framework */ = {isa = PBXFileReference; lastKnownFileType = wrapper.framework; name = AudioToolbox.framework; path = System/Library/Frameworks/AudioToolbox.framework; sourceTree = SDKROOT; };
		30042BB617357635002ACE9D /* SystemConfiguration.framework */ = {isa = PBXFileReference; lastKnownFileType = wrapper.framework; name = SystemConfiguration.framework; path = System/Library/Frameworks/SystemConfiguration.framework; sourceTree = SDKROOT; };
		30042BB817357645002ACE9D /* Security.framework */ = {isa = PBXFileReference; lastKnownFileType = wrapper.framework; name = Security.framework; path = System/Library/Frameworks/Security.framework; sourceTree = SDKROOT; };
		30042BBA17357651002ACE9D /* CFNetwork.framework */ = {isa = PBXFileReference; lastKnownFileType = wrapper.framework; name = CFNetwork.framework; path = System/Library/Frameworks/CFNetwork.framework; sourceTree = SDKROOT; };
		30042BBD173577C9002ACE9D /* iSpeechSDK.h */ = {isa = PBXFileReference; fileEncoding = 4; lastKnownFileType = sourcecode.c.h; path = iSpeechSDK.h; sourceTree = "<group>"; };
		30042BBE173577C9002ACE9D /* ISSpeechRecognition.h */ = {isa = PBXFileReference; fileEncoding = 4; lastKnownFileType = sourcecode.c.h; path = ISSpeechRecognition.h; sourceTree = "<group>"; };
		30042BBF173577C9002ACE9D /* ISSpeechRecognitionLocales.h */ = {isa = PBXFileReference; fileEncoding = 4; lastKnownFileType = sourcecode.c.h; path = ISSpeechRecognitionLocales.h; sourceTree = "<group>"; };
		30042BC0173577C9002ACE9D /* ISSpeechRecognitionResult.h */ = {isa = PBXFileReference; fileEncoding = 4; lastKnownFileType = sourcecode.c.h; path = ISSpeechRecognitionResult.h; sourceTree = "<group>"; };
		30042BC1173577C9002ACE9D /* ISSpeechSynthesis.h */ = {isa = PBXFileReference; fileEncoding = 4; lastKnownFileType = sourcecode.c.h; path = ISSpeechSynthesis.h; sourceTree = "<group>"; };
		30042BC2173577C9002ACE9D /* ISSpeechSynthesisVoices.h */ = {isa = PBXFileReference; fileEncoding = 4; lastKnownFileType = sourcecode.c.h; path = ISSpeechSynthesisVoices.h; sourceTree = "<group>"; };
		30042BC317358487002ACE9D /* HBCollectInfoViewController.h */ = {isa = PBXFileReference; fileEncoding = 4; lastKnownFileType = sourcecode.c.h; path = HBCollectInfoViewController.h; sourceTree = "<group>"; };
		30042BC417358487002ACE9D /* HBCollectInfoViewController.m */ = {isa = PBXFileReference; fileEncoding = 4; lastKnownFileType = sourcecode.c.objc; path = HBCollectInfoViewController.m; sourceTree = "<group>"; };
		30042BED1735A531002ACE9D /* btnCheck.png */ = {isa = PBXFileReference; lastKnownFileType = image.png; path = btnCheck.png; sourceTree = "<group>"; };
		30042BEE1735A531002ACE9D /* btnCheck@2x.png */ = {isa = PBXFileReference; lastKnownFileType = image.png; path = "btnCheck@2x.png"; sourceTree = "<group>"; };
		30042BEF1735A531002ACE9D /* HUD.h */ = {isa = PBXFileReference; fileEncoding = 4; lastKnownFileType = sourcecode.c.h; path = HUD.h; sourceTree = "<group>"; };
		30042BF01735A531002ACE9D /* HUD.m */ = {isa = PBXFileReference; fileEncoding = 4; lastKnownFileType = sourcecode.c.objc; path = HUD.m; sourceTree = "<group>"; };
		30042BF11735A531002ACE9D /* MBProgressHUD.h */ = {isa = PBXFileReference; fileEncoding = 4; lastKnownFileType = sourcecode.c.h; path = MBProgressHUD.h; sourceTree = "<group>"; };
		30042BF21735A531002ACE9D /* MBProgressHUD.m */ = {isa = PBXFileReference; fileEncoding = 4; lastKnownFileType = sourcecode.c.objc; path = MBProgressHUD.m; sourceTree = "<group>"; };
		30042BF91735A587002ACE9D /* JSONModel.h */ = {isa = PBXFileReference; fileEncoding = 4; lastKnownFileType = sourcecode.c.h; path = JSONModel.h; sourceTree = "<group>"; };
		30042BFA1735A587002ACE9D /* JSONModel.m */ = {isa = PBXFileReference; fileEncoding = 4; lastKnownFileType = sourcecode.c.objc; path = JSONModel.m; sourceTree = "<group>"; };
		30042BFB1735A587002ACE9D /* JSONModelArray.h */ = {isa = PBXFileReference; fileEncoding = 4; lastKnownFileType = sourcecode.c.h; path = JSONModelArray.h; sourceTree = "<group>"; };
		30042BFC1735A587002ACE9D /* JSONModelArray.m */ = {isa = PBXFileReference; fileEncoding = 4; lastKnownFileType = sourcecode.c.objc; path = JSONModelArray.m; sourceTree = "<group>"; };
		30042BFD1735A587002ACE9D /* JSONModelClassProperty.h */ = {isa = PBXFileReference; fileEncoding = 4; lastKnownFileType = sourcecode.c.h; path = JSONModelClassProperty.h; sourceTree = "<group>"; };
		30042BFE1735A587002ACE9D /* JSONModelClassProperty.m */ = {isa = PBXFileReference; fileEncoding = 4; lastKnownFileType = sourcecode.c.objc; path = JSONModelClassProperty.m; sourceTree = "<group>"; };
		30042BFF1735A587002ACE9D /* JSONModelError.h */ = {isa = PBXFileReference; fileEncoding = 4; lastKnownFileType = sourcecode.c.h; path = JSONModelError.h; sourceTree = "<group>"; };
		30042C001735A587002ACE9D /* JSONModelError.m */ = {isa = PBXFileReference; fileEncoding = 4; lastKnownFileType = sourcecode.c.objc; path = JSONModelError.m; sourceTree = "<group>"; };
		30042C021735A587002ACE9D /* NSArray+JSONModel.h */ = {isa = PBXFileReference; fileEncoding = 4; lastKnownFileType = sourcecode.c.h; path = "NSArray+JSONModel.h"; sourceTree = "<group>"; };
		30042C031735A587002ACE9D /* NSArray+JSONModel.m */ = {isa = PBXFileReference; fileEncoding = 4; lastKnownFileType = sourcecode.c.objc; path = "NSArray+JSONModel.m"; sourceTree = "<group>"; };
		30042C041735A587002ACE9D /* JSONModelLib.h */ = {isa = PBXFileReference; fileEncoding = 4; lastKnownFileType = sourcecode.c.h; path = JSONModelLib.h; sourceTree = "<group>"; };
		30042C061735A587002ACE9D /* JSONAPI.h */ = {isa = PBXFileReference; fileEncoding = 4; lastKnownFileType = sourcecode.c.h; path = JSONAPI.h; sourceTree = "<group>"; };
		30042C071735A587002ACE9D /* JSONAPI.m */ = {isa = PBXFileReference; fileEncoding = 4; lastKnownFileType = sourcecode.c.objc; path = JSONAPI.m; sourceTree = "<group>"; };
		30042C081735A587002ACE9D /* JSONHTTPClient.h */ = {isa = PBXFileReference; fileEncoding = 4; lastKnownFileType = sourcecode.c.h; path = JSONHTTPClient.h; sourceTree = "<group>"; };
		30042C091735A587002ACE9D /* JSONHTTPClient.m */ = {isa = PBXFileReference; fileEncoding = 4; lastKnownFileType = sourcecode.c.objc; path = JSONHTTPClient.m; sourceTree = "<group>"; };
		30042C0A1735A587002ACE9D /* JSONModel+networking.h */ = {isa = PBXFileReference; fileEncoding = 4; lastKnownFileType = sourcecode.c.h; path = "JSONModel+networking.h"; sourceTree = "<group>"; };
		30042C0B1735A587002ACE9D /* JSONModel+networking.m */ = {isa = PBXFileReference; fileEncoding = 4; lastKnownFileType = sourcecode.c.objc; path = "JSONModel+networking.m"; sourceTree = "<group>"; };
		30042C0D1735A587002ACE9D /* JSONKeyMapper.h */ = {isa = PBXFileReference; fileEncoding = 4; lastKnownFileType = sourcecode.c.h; path = JSONKeyMapper.h; sourceTree = "<group>"; };
		30042C0E1735A587002ACE9D /* JSONKeyMapper.m */ = {isa = PBXFileReference; fileEncoding = 4; lastKnownFileType = sourcecode.c.objc; path = JSONKeyMapper.m; sourceTree = "<group>"; };
		30042C0F1735A587002ACE9D /* JSONValueTransformer.h */ = {isa = PBXFileReference; fileEncoding = 4; lastKnownFileType = sourcecode.c.h; path = JSONValueTransformer.h; sourceTree = "<group>"; };
		30042C101735A587002ACE9D /* JSONValueTransformer.m */ = {isa = PBXFileReference; fileEncoding = 4; lastKnownFileType = sourcecode.c.objc; path = JSONValueTransformer.m; sourceTree = "<group>"; };
		30042C1B1735A687002ACE9D /* HBOpinion.h */ = {isa = PBXFileReference; fileEncoding = 4; lastKnownFileType = sourcecode.c.h; path = HBOpinion.h; sourceTree = "<group>"; };
		30042C1C1735A687002ACE9D /* HBOpinion.m */ = {isa = PBXFileReference; fileEncoding = 4; lastKnownFileType = sourcecode.c.objc; path = HBOpinion.m; sourceTree = "<group>"; };
		30042C1E173613A7002ACE9D /* MobileCoreServices.framework */ = {isa = PBXFileReference; lastKnownFileType = wrapper.framework; name = MobileCoreServices.framework; path = System/Library/Frameworks/MobileCoreServices.framework; sourceTree = SDKROOT; };
		30042C2017361C09002ACE9D /* HBCameraViewController.h */ = {isa = PBXFileReference; fileEncoding = 4; lastKnownFileType = sourcecode.c.h; path = HBCameraViewController.h; sourceTree = "<group>"; };
		30042C2117361C09002ACE9D /* HBCameraViewController.m */ = {isa = PBXFileReference; fileEncoding = 4; lastKnownFileType = sourcecode.c.objc; path = HBCameraViewController.m; sourceTree = "<group>"; };
		30948354173627AC00D5089A /* housebook-logo_4lj0x50of0iogbuo.png */ = {isa = PBXFileReference; lastKnownFileType = image.png; path = "housebook-logo_4lj0x50of0iogbuo.png"; sourceTree = "<group>"; };
		3094835617362C1C00D5089A /* HouseBook_Splash320x960.png */ = {isa = PBXFileReference; lastKnownFileType = image.png; path = HouseBook_Splash320x960.png; sourceTree = "<group>"; };
		3094835717362C1C00D5089A /* housebook-logo_57x57.png */ = {isa = PBXFileReference; lastKnownFileType = image.png; path = "housebook-logo_57x57.png"; sourceTree = "<group>"; };
		3094835817362C1C00D5089A /* housebook-logo_114x114.png */ = {isa = PBXFileReference; lastKnownFileType = image.png; path = "housebook-logo_114x114.png"; sourceTree = "<group>"; };
		3094835C17362C4000D5089A /* housebook-logo_57x57.png */ = {isa = PBXFileReference; lastKnownFileType = image.png; path = "housebook-logo_57x57.png"; sourceTree = "<group>"; };
		3094835E17362C4C00D5089A /* housebook-logo_114x114.png */ = {isa = PBXFileReference; lastKnownFileType = image.png; path = "housebook-logo_114x114.png"; sourceTree = "<group>"; };
		3094836017362C6100D5089A /* Default@2x.png */ = {isa = PBXFileReference; lastKnownFileType = image.png; path = "Default@2x.png"; sourceTree = "<group>"; };
		3094836217362C7100D5089A /* Default.png */ = {isa = PBXFileReference; lastKnownFileType = image.png; path = Default.png; sourceTree = "<group>"; };
		3094836417362C9200D5089A /* Default-568h@2x.png */ = {isa = PBXFileReference; lastKnownFileType = image.png; path = "Default-568h@2x.png"; sourceTree = "<group>"; };
		309483661736E20900D5089A /* HBScrapbookViewController.h */ = {isa = PBXFileReference; fileEncoding = 4; lastKnownFileType = sourcecode.c.h; path = HBScrapbookViewController.h; sourceTree = "<group>"; };
		309483671736E20900D5089A /* HBScrapbookViewController.m */ = {isa = PBXFileReference; fileEncoding = 4; lastKnownFileType = sourcecode.c.objc; path = HBScrapbookViewController.m; sourceTree = "<group>"; };
/* End PBXFileReference section */

/* Begin PBXFrameworksBuildPhase section */
		0C1BC3F717356AB6004F1E75 /* Frameworks */ = {
			isa = PBXFrameworksBuildPhase;
			buildActionMask = 2147483647;
			files = (
				30042C1F173613A7002ACE9D /* MobileCoreServices.framework in Frameworks */,
				30042BBB17357651002ACE9D /* CFNetwork.framework in Frameworks */,
				30042BB917357645002ACE9D /* Security.framework in Frameworks */,
				30042BB717357635002ACE9D /* SystemConfiguration.framework in Frameworks */,
				30042BB517357626002ACE9D /* AudioToolbox.framework in Frameworks */,
				0C1BC42F17356B86004F1E75 /* MapKit.framework in Frameworks */,
				0C1BC3FE17356AB6004F1E75 /* UIKit.framework in Frameworks */,
				0C1BC40017356AB6004F1E75 /* Foundation.framework in Frameworks */,
				0C1BC40217356AB6004F1E75 /* CoreGraphics.framework in Frameworks */,
				30042BB117357529002ACE9D /* libiSpeechSDK.a in Frameworks */,
			);
			runOnlyForDeploymentPostprocessing = 0;
		};
/* End PBXFrameworksBuildPhase section */

/* Begin PBXGroup section */
		0C1BC3F117356AB6004F1E75 = {
			isa = PBXGroup;
			children = (
				3094836417362C9200D5089A /* Default-568h@2x.png */,
				3094836217362C7100D5089A /* Default.png */,
				3094836017362C6100D5089A /* Default@2x.png */,
				3094835E17362C4C00D5089A /* housebook-logo_114x114.png */,
				3094835C17362C4000D5089A /* housebook-logo_57x57.png */,
				30042C1E173613A7002ACE9D /* MobileCoreServices.framework */,
				30042BBA17357651002ACE9D /* CFNetwork.framework */,
				30042BB817357645002ACE9D /* Security.framework */,
				30042BB617357635002ACE9D /* SystemConfiguration.framework */,
				30042BB417357626002ACE9D /* AudioToolbox.framework */,
				0C1BC42E17356B86004F1E75 /* MapKit.framework */,
				0C1BC40317356AB6004F1E75 /* Housebook */,
				0C1BC3FC17356AB6004F1E75 /* Frameworks */,
				0C1BC3FB17356AB6004F1E75 /* Products */,
			);
			sourceTree = "<group>";
		};
		0C1BC3FB17356AB6004F1E75 /* Products */ = {
			isa = PBXGroup;
			children = (
				0C1BC3FA17356AB6004F1E75 /* Housebook.app */,
			);
			name = Products;
			sourceTree = "<group>";
		};
		0C1BC3FC17356AB6004F1E75 /* Frameworks */ = {
			isa = PBXGroup;
			children = (
				30042BB017357528002ACE9D /* libiSpeechSDK.a */,
				0C1BC3FD17356AB6004F1E75 /* UIKit.framework */,
				0C1BC3FF17356AB6004F1E75 /* Foundation.framework */,
				0C1BC40117356AB6004F1E75 /* CoreGraphics.framework */,
			);
			name = Frameworks;
			sourceTree = "<group>";
		};
		0C1BC40317356AB6004F1E75 /* Housebook */ = {
			isa = PBXGroup;
			children = (
				30948354173627AC00D5089A /* housebook-logo_4lj0x50of0iogbuo.png */,
				3094835617362C1C00D5089A /* HouseBook_Splash320x960.png */,
				3094835717362C1C00D5089A /* housebook-logo_57x57.png */,
				3094835817362C1C00D5089A /* housebook-logo_114x114.png */,
				30042BF71735A587002ACE9D /* JSONModel */,
				30042BEC1735A531002ACE9D /* HUD */,
				0CBBDA001735A880007EEBCC /* house.jpg */,
				30042BBC173577C9002ACE9D /* Headers */,
				0C1BC40C17356AB6004F1E75 /* HBAppDelegate.h */,
				0C1BC40D17356AB6004F1E75 /* HBAppDelegate.m */,
				0C1BC41517356AB6004F1E75 /* MainStoryboard_iPhone.storyboard */,
				0C1BC41817356AB6004F1E75 /* MainStoryboard_iPad.storyboard */,
				0C1BC41B17356AB6004F1E75 /* HBFirstViewController.h */,
				0C1BC41C17356AB6004F1E75 /* HBFirstViewController.m */,
				0C1BC41E17356AB6004F1E75 /* first.png */,
				0C1BC42017356AB6004F1E75 /* first@2x.png */,
				0C1BC42217356AB6004F1E75 /* HBSecondViewController.h */,
				0C1BC42317356AB6004F1E75 /* HBSecondViewController.m */,
				0C1BC42517356AB6004F1E75 /* second.png */,
				0C1BC42717356AB6004F1E75 /* second@2x.png */,
				0C1BC40417356AB6004F1E75 /* Supporting Files */,
				30042BC317358487002ACE9D /* HBCollectInfoViewController.h */,
				30042BC417358487002ACE9D /* HBCollectInfoViewController.m */,
				30042C1B1735A687002ACE9D /* HBOpinion.h */,
				30042C1C1735A687002ACE9D /* HBOpinion.m */,
				0C519E9B17359999001DF43F /* HBPropertyFeatureController.h */,
				0C519E9C17359999001DF43F /* HBPropertyFeatureController.m */,
				0CBBD9FD17359DBC007EEBCC /* HBFeatureController.h */,
				0CBBD9FE17359DBC007EEBCC /* HBFeatureController.m */,
				30042C2017361C09002ACE9D /* HBCameraViewController.h */,
				30042C2117361C09002ACE9D /* HBCameraViewController.m */,
				309483661736E20900D5089A /* HBScrapbookViewController.h */,
				309483671736E20900D5089A /* HBScrapbookViewController.m */,
			);
			path = Housebook;
			sourceTree = "<group>";
		};
		0C1BC40417356AB6004F1E75 /* Supporting Files */ = {
			isa = PBXGroup;
			children = (
				30042BB21735754F002ACE9D /* iSpeechSDK.bundle */,
				0C1BC40517356AB6004F1E75 /* Housebook-Info.plist */,
				0C1BC40617356AB6004F1E75 /* InfoPlist.strings */,
				0C1BC40917356AB6004F1E75 /* main.m */,
				0C1BC40B17356AB6004F1E75 /* Housebook-Prefix.pch */,
				0C1BC40F17356AB6004F1E75 /* Default.png */,
				0C1BC41117356AB6004F1E75 /* Default@2x.png */,
				0C1BC41317356AB6004F1E75 /* Default-568h@2x.png */,
			);
			name = "Supporting Files";
			sourceTree = "<group>";
		};
		30042BBC173577C9002ACE9D /* Headers */ = {
			isa = PBXGroup;
			children = (
				30042BBD173577C9002ACE9D /* iSpeechSDK.h */,
				30042BBE173577C9002ACE9D /* ISSpeechRecognition.h */,
				30042BBF173577C9002ACE9D /* ISSpeechRecognitionLocales.h */,
				30042BC0173577C9002ACE9D /* ISSpeechRecognitionResult.h */,
				30042BC1173577C9002ACE9D /* ISSpeechSynthesis.h */,
				30042BC2173577C9002ACE9D /* ISSpeechSynthesisVoices.h */,
			);
			path = Headers;
			sourceTree = "<group>";
		};
		30042BEC1735A531002ACE9D /* HUD */ = {
			isa = PBXGroup;
			children = (
				30042BED1735A531002ACE9D /* btnCheck.png */,
				30042BEE1735A531002ACE9D /* btnCheck@2x.png */,
				30042BEF1735A531002ACE9D /* HUD.h */,
				30042BF01735A531002ACE9D /* HUD.m */,
				30042BF11735A531002ACE9D /* MBProgressHUD.h */,
				30042BF21735A531002ACE9D /* MBProgressHUD.m */,
			);
			path = HUD;
			sourceTree = "<group>";
		};
		30042BF71735A587002ACE9D /* JSONModel */ = {
			isa = PBXGroup;
			children = (
				30042BF81735A587002ACE9D /* JSONModel */,
				30042C011735A587002ACE9D /* JSONModelCategories */,
				30042C041735A587002ACE9D /* JSONModelLib.h */,
				30042C051735A587002ACE9D /* JSONModelNetworking */,
				30042C0C1735A587002ACE9D /* JSONModelTransformations */,
			);
			path = JSONModel;
			sourceTree = "<group>";
		};
		30042BF81735A587002ACE9D /* JSONModel */ = {
			isa = PBXGroup;
			children = (
				30042BF91735A587002ACE9D /* JSONModel.h */,
				30042BFA1735A587002ACE9D /* JSONModel.m */,
				30042BFB1735A587002ACE9D /* JSONModelArray.h */,
				30042BFC1735A587002ACE9D /* JSONModelArray.m */,
				30042BFD1735A587002ACE9D /* JSONModelClassProperty.h */,
				30042BFE1735A587002ACE9D /* JSONModelClassProperty.m */,
				30042BFF1735A587002ACE9D /* JSONModelError.h */,
				30042C001735A587002ACE9D /* JSONModelError.m */,
			);
			path = JSONModel;
			sourceTree = "<group>";
		};
		30042C011735A587002ACE9D /* JSONModelCategories */ = {
			isa = PBXGroup;
			children = (
				30042C021735A587002ACE9D /* NSArray+JSONModel.h */,
				30042C031735A587002ACE9D /* NSArray+JSONModel.m */,
			);
			path = JSONModelCategories;
			sourceTree = "<group>";
		};
		30042C051735A587002ACE9D /* JSONModelNetworking */ = {
			isa = PBXGroup;
			children = (
				30042C061735A587002ACE9D /* JSONAPI.h */,
				30042C071735A587002ACE9D /* JSONAPI.m */,
				30042C081735A587002ACE9D /* JSONHTTPClient.h */,
				30042C091735A587002ACE9D /* JSONHTTPClient.m */,
				30042C0A1735A587002ACE9D /* JSONModel+networking.h */,
				30042C0B1735A587002ACE9D /* JSONModel+networking.m */,
			);
			path = JSONModelNetworking;
			sourceTree = "<group>";
		};
		30042C0C1735A587002ACE9D /* JSONModelTransformations */ = {
			isa = PBXGroup;
			children = (
				30042C0D1735A587002ACE9D /* JSONKeyMapper.h */,
				30042C0E1735A587002ACE9D /* JSONKeyMapper.m */,
				30042C0F1735A587002ACE9D /* JSONValueTransformer.h */,
				30042C101735A587002ACE9D /* JSONValueTransformer.m */,
			);
			path = JSONModelTransformations;
			sourceTree = "<group>";
		};
/* End PBXGroup section */

/* Begin PBXNativeTarget section */
		0C1BC3F917356AB6004F1E75 /* Housebook */ = {
			isa = PBXNativeTarget;
			buildConfigurationList = 0C1BC42B17356AB6004F1E75 /* Build configuration list for PBXNativeTarget "Housebook" */;
			buildPhases = (
				0C1BC3F617356AB6004F1E75 /* Sources */,
				0C1BC3F717356AB6004F1E75 /* Frameworks */,
				0C1BC3F817356AB6004F1E75 /* Resources */,
			);
			buildRules = (
			);
			dependencies = (
			);
			name = Housebook;
			productName = Housebook;
			productReference = 0C1BC3FA17356AB6004F1E75 /* Housebook.app */;
			productType = "com.apple.product-type.application";
		};
/* End PBXNativeTarget section */

/* Begin PBXProject section */
		0C1BC3F217356AB6004F1E75 /* Project object */ = {
			isa = PBXProject;
			attributes = {
				CLASSPREFIX = HB;
				LastUpgradeCheck = 0460;
				ORGANIZATIONNAME = HouseBookApp.com;
			};
			buildConfigurationList = 0C1BC3F517356AB6004F1E75 /* Build configuration list for PBXProject "Housebook" */;
			compatibilityVersion = "Xcode 3.2";
			developmentRegion = English;
			hasScannedForEncodings = 0;
			knownRegions = (
				en,
			);
			mainGroup = 0C1BC3F117356AB6004F1E75;
			productRefGroup = 0C1BC3FB17356AB6004F1E75 /* Products */;
			projectDirPath = "";
			projectRoot = "";
			targets = (
				0C1BC3F917356AB6004F1E75 /* Housebook */,
			);
		};
/* End PBXProject section */

/* Begin PBXResourcesBuildPhase section */
		0C1BC3F817356AB6004F1E75 /* Resources */ = {
			isa = PBXResourcesBuildPhase;
			buildActionMask = 2147483647;
			files = (
				0C1BC40817356AB6004F1E75 /* InfoPlist.strings in Resources */,
				0C1BC41017356AB6004F1E75 /* Default.png in Resources */,
				0C1BC41217356AB6004F1E75 /* Default@2x.png in Resources */,
				0C1BC41417356AB6004F1E75 /* Default-568h@2x.png in Resources */,
				0C1BC41717356AB6004F1E75 /* MainStoryboard_iPhone.storyboard in Resources */,
				0C1BC41A17356AB6004F1E75 /* MainStoryboard_iPad.storyboard in Resources */,
				0C1BC41F17356AB6004F1E75 /* first.png in Resources */,
				0C1BC42117356AB6004F1E75 /* first@2x.png in Resources */,
				0C1BC42617356AB6004F1E75 /* second.png in Resources */,
				0C1BC42817356AB6004F1E75 /* second@2x.png in Resources */,
				30042BB31735754F002ACE9D /* iSpeechSDK.bundle in Resources */,
				30042BF31735A531002ACE9D /* btnCheck.png in Resources */,
				30042BF41735A531002ACE9D /* btnCheck@2x.png in Resources */,
				0CBBDA011735A880007EEBCC /* house.jpg in Resources */,
				30948355173627AC00D5089A /* housebook-logo_4lj0x50of0iogbuo.png in Resources */,
				3094835917362C1C00D5089A /* HouseBook_Splash320x960.png in Resources */,
				3094835A17362C1C00D5089A /* housebook-logo_57x57.png in Resources */,
				3094835B17362C1C00D5089A /* housebook-logo_114x114.png in Resources */,
				3094835D17362C4000D5089A /* housebook-logo_57x57.png in Resources */,
				3094835F17362C4C00D5089A /* housebook-logo_114x114.png in Resources */,
				3094836117362C6100D5089A /* Default@2x.png in Resources */,
				3094836317362C7100D5089A /* Default.png in Resources */,
				3094836517362C9200D5089A /* Default-568h@2x.png in Resources */,
			);
			runOnlyForDeploymentPostprocessing = 0;
		};
/* End PBXResourcesBuildPhase section */

/* Begin PBXSourcesBuildPhase section */
		0C1BC3F617356AB6004F1E75 /* Sources */ = {
			isa = PBXSourcesBuildPhase;
			buildActionMask = 2147483647;
			files = (
				0C1BC40A17356AB6004F1E75 /* main.m in Sources */,
				0C1BC40E17356AB6004F1E75 /* HBAppDelegate.m in Sources */,
				0C1BC41D17356AB6004F1E75 /* HBFirstViewController.m in Sources */,
				0C1BC42417356AB6004F1E75 /* HBSecondViewController.m in Sources */,
				30042BC517358487002ACE9D /* HBCollectInfoViewController.m in Sources */,
				30042BF51735A531002ACE9D /* HUD.m in Sources */,
				30042BF61735A531002ACE9D /* MBProgressHUD.m in Sources */,
				30042C111735A587002ACE9D /* JSONModel.m in Sources */,
				30042C121735A587002ACE9D /* JSONModelArray.m in Sources */,
				30042C131735A587002ACE9D /* JSONModelClassProperty.m in Sources */,
				30042C141735A587002ACE9D /* JSONModelError.m in Sources */,
				30042C151735A587002ACE9D /* NSArray+JSONModel.m in Sources */,
				30042C161735A587002ACE9D /* JSONAPI.m in Sources */,
				30042C171735A587002ACE9D /* JSONHTTPClient.m in Sources */,
				30042C181735A587002ACE9D /* JSONModel+networking.m in Sources */,
				30042C191735A587002ACE9D /* JSONKeyMapper.m in Sources */,
				30042C1A1735A587002ACE9D /* JSONValueTransformer.m in Sources */,
				30042C1D1735A687002ACE9D /* HBOpinion.m in Sources */,
				0C519E9D17359999001DF43F /* HBPropertyFeatureController.m in Sources */,
				0CBBD9FF17359DBC007EEBCC /* HBFeatureController.m in Sources */,
				30042C2217361C09002ACE9D /* HBCameraViewController.m in Sources */,
				309483681736E20900D5089A /* HBScrapbookViewController.m in Sources */,
			);
			runOnlyForDeploymentPostprocessing = 0;
		};
/* End PBXSourcesBuildPhase section */

/* Begin PBXVariantGroup section */
		0C1BC40617356AB6004F1E75 /* InfoPlist.strings */ = {
			isa = PBXVariantGroup;
			children = (
				0C1BC40717356AB6004F1E75 /* en */,
			);
			name = InfoPlist.strings;
			sourceTree = "<group>";
		};
		0C1BC41517356AB6004F1E75 /* MainStoryboard_iPhone.storyboard */ = {
			isa = PBXVariantGroup;
			children = (
				0C1BC41617356AB6004F1E75 /* en */,
			);
			name = MainStoryboard_iPhone.storyboard;
			sourceTree = "<group>";
		};
		0C1BC41817356AB6004F1E75 /* MainStoryboard_iPad.storyboard */ = {
			isa = PBXVariantGroup;
			children = (
				0C1BC41917356AB6004F1E75 /* en */,
			);
			name = MainStoryboard_iPad.storyboard;
			sourceTree = "<group>";
		};
/* End PBXVariantGroup section */

/* Begin XCBuildConfiguration section */
		0C1BC42917356AB6004F1E75 /* Debug */ = {
			isa = XCBuildConfiguration;
			buildSettings = {
				ALWAYS_SEARCH_USER_PATHS = NO;
				CLANG_CXX_LANGUAGE_STANDARD = "gnu++0x";
				CLANG_CXX_LIBRARY = "libc++";
				CLANG_ENABLE_OBJC_ARC = YES;
				CLANG_WARN_CONSTANT_CONVERSION = YES;
				CLANG_WARN_EMPTY_BODY = YES;
				CLANG_WARN_ENUM_CONVERSION = YES;
				CLANG_WARN_INT_CONVERSION = YES;
				CLANG_WARN__DUPLICATE_METHOD_MATCH = YES;
				"CODE_SIGN_IDENTITY[sdk=iphoneos*]" = "iPhone Developer";
				COPY_PHASE_STRIP = NO;
				GCC_C_LANGUAGE_STANDARD = gnu99;
				GCC_DYNAMIC_NO_PIC = NO;
				GCC_OPTIMIZATION_LEVEL = 0;
				GCC_PREPROCESSOR_DEFINITIONS = (
					"DEBUG=1",
					"$(inherited)",
				);
				GCC_SYMBOLS_PRIVATE_EXTERN = NO;
				GCC_WARN_ABOUT_RETURN_TYPE = YES;
				GCC_WARN_UNINITIALIZED_AUTOS = YES;
				GCC_WARN_UNUSED_VARIABLE = YES;
				IPHONEOS_DEPLOYMENT_TARGET = 6.1;
				ONLY_ACTIVE_ARCH = YES;
				SDKROOT = iphoneos;
				TARGETED_DEVICE_FAMILY = "1,2";
			};
			name = Debug;
		};
		0C1BC42A17356AB6004F1E75 /* Release */ = {
			isa = XCBuildConfiguration;
			buildSettings = {
				ALWAYS_SEARCH_USER_PATHS = NO;
				CLANG_CXX_LANGUAGE_STANDARD = "gnu++0x";
				CLANG_CXX_LIBRARY = "libc++";
				CLANG_ENABLE_OBJC_ARC = YES;
				CLANG_WARN_CONSTANT_CONVERSION = YES;
				CLANG_WARN_EMPTY_BODY = YES;
				CLANG_WARN_ENUM_CONVERSION = YES;
				CLANG_WARN_INT_CONVERSION = YES;
				CLANG_WARN__DUPLICATE_METHOD_MATCH = YES;
				"CODE_SIGN_IDENTITY[sdk=iphoneos*]" = "iPhone Developer";
				COPY_PHASE_STRIP = YES;
				GCC_C_LANGUAGE_STANDARD = gnu99;
				GCC_WARN_ABOUT_RETURN_TYPE = YES;
				GCC_WARN_UNINITIALIZED_AUTOS = YES;
				GCC_WARN_UNUSED_VARIABLE = YES;
				IPHONEOS_DEPLOYMENT_TARGET = 6.1;
				OTHER_CFLAGS = "-DNS_BLOCK_ASSERTIONS=1";
				SDKROOT = iphoneos;
				TARGETED_DEVICE_FAMILY = "1,2";
				VALIDATE_PRODUCT = YES;
			};
			name = Release;
		};
		0C1BC42C17356AB6004F1E75 /* Debug */ = {
			isa = XCBuildConfiguration;
			buildSettings = {
				GCC_PRECOMPILE_PREFIX_HEADER = YES;
				GCC_PREFIX_HEADER = "Housebook/Housebook-Prefix.pch";
				INFOPLIST_FILE = "Housebook/Housebook-Info.plist";
				LIBRARY_SEARCH_PATHS = (
					"$(inherited)",
					"\"$(SRCROOT)\"",
				);
				OTHER_LDFLAGS = "-ObjC";
				PRODUCT_NAME = "$(TARGET_NAME)";
				WRAPPER_EXTENSION = app;
			};
			name = Debug;
		};
		0C1BC42D17356AB6004F1E75 /* Release */ = {
			isa = XCBuildConfiguration;
			buildSettings = {
				GCC_PRECOMPILE_PREFIX_HEADER = YES;
				GCC_PREFIX_HEADER = "Housebook/Housebook-Prefix.pch";
				INFOPLIST_FILE = "Housebook/Housebook-Info.plist";
				LIBRARY_SEARCH_PATHS = (
					"$(inherited)",
					"\"$(SRCROOT)\"",
				);
				OTHER_LDFLAGS = "-ObjC";
				PRODUCT_NAME = "$(TARGET_NAME)";
				WRAPPER_EXTENSION = app;
			};
			name = Release;
		};
/* End XCBuildConfiguration section */

/* Begin XCConfigurationList section */
		0C1BC3F517356AB6004F1E75 /* Build configuration list for PBXProject "Housebook" */ = {
			isa = XCConfigurationList;
			buildConfigurations = (
				0C1BC42917356AB6004F1E75 /* Debug */,
				0C1BC42A17356AB6004F1E75 /* Release */,
			);
			defaultConfigurationIsVisible = 0;
			defaultConfigurationName = Release;
		};
		0C1BC42B17356AB6004F1E75 /* Build configuration list for PBXNativeTarget "Housebook" */ = {
			isa = XCConfigurationList;
			buildConfigurations = (
				0C1BC42C17356AB6004F1E75 /* Debug */,
				0C1BC42D17356AB6004F1E75 /* Release */,
			);
			defaultConfigurationIsVisible = 0;
			defaultConfigurationName = Release;
		};
/* End XCConfigurationList section */
	};
	rootObject = 0C1BC3F217356AB6004F1E75 /* Project object */;
}
