// !$*UTF8*$!
{
	archiveVersion = 1;
	classes = {
	};
	objectVersion = 46;
	objects = {

/* Begin PBXBuildFile section */
		0C1BC3FE17356AB6004F1E75 /* UIKit.framework in Frameworks */ = {isa = PBXBuildFile; fileRef = 0C1BC3FD17356AB6004F1E75 /* UIKit.framework */; };
		0C1BC40017356AB6004F1E75 /* Foundation.framework in Frameworks */ = {isa = PBXBuildFile; fileRef = 0C1BC3FF17356AB6004F1E75 /* Foundation.framework */; };
		0C1BC40217356AB6004F1E75 /* CoreGraphics.framework in Frameworks */ = {isa = PBXBuildFile; fileRef = 0C1BC40117356AB6004F1E75 /* CoreGraphics.framework */; };
		0C1BC40817356AB6004F1E75 /* InfoPlist.strings in Resources */ = {isa = PBXBuildFile; fileRef = 0C1BC40617356AB6004F1E75 /* InfoPlist.strings */; };
		0C1BC40A17356AB6004F1E75 /* main.m in Sources */ = {isa = PBXBuildFile; fileRef = 0C1BC40917356AB6004F1E75 /* main.m */; };
		0C1BC40E17356AB6004F1E75 /* HBAppDelegate.m in Sources */ = {isa = PBXBuildFile; fileRef = 0C1BC40D17356AB6004F1E75 /* HBAppDelegate.m */; };
		0C1BC41017356AB6004F1E75 /* Default.png in Resources */ = {isa = PBXBuildFile; fileRef = 0C1BC40F17356AB6004F1E75 /* Default.png */; };
		0C1BC41217356AB6004F1E75 /* Default@2x.png in Resources */ = {isa = PBXBuildFile; fileRef = 0C1BC41117356AB6004F1E75 /* Default@2x.png */; };
		0C1BC41417356AB6004F1E75 /* Default-568h@2x.png in Resources */ = {isa = PBXBuildFile; fileRef = 0C1BC41317356AB6004F1E75 /* Default-568h@2x.png */; };
		0C1BC41717356AB6004F1E75 /* MainStoryboard_iPhone.storyboard in Resources */ = {isa = PBXBuildFile; fileRef = 0C1BC41517356AB6004F1E75 /* MainStoryboard_iPhone.storyboard */; };
		0C1BC41A17356AB6004F1E75 /* MainStoryboard_iPad.storyboard in Resources */ = {isa = PBXBuildFile; fileRef = 0C1BC41817356AB6004F1E75 /* MainStoryboard_iPad.storyboard */; };
		0C1BC41D17356AB6004F1E75 /* HBFirstViewController.m in Sources */ = {isa = PBXBuildFile; fileRef = 0C1BC41C17356AB6004F1E75 /* HBFirstViewController.m */; };
		0C1BC41F17356AB6004F1E75 /* first.png in Resources */ = {isa = PBXBuildFile; fileRef = 0C1BC41E17356AB6004F1E75 /* first.png */; };
		0C1BC42117356AB6004F1E75 /* first@2x.png in Resources */ = {isa = PBXBuildFile; fileRef = 0C1BC42017356AB6004F1E75 /* first@2x.png */; };
		0C1BC42417356AB6004F1E75 /* HBSecondViewController.m in Sources */ = {isa = PBXBuildFile; fileRef = 0C1BC42317356AB6004F1E75 /* HBSecondViewController.m */; };
		0C1BC42617356AB6004F1E75 /* second.png in Resources */ = {isa = PBXBuildFile; fileRef = 0C1BC42517356AB6004F1E75 /* second.png */; };
		0C1BC42817356AB6004F1E75 /* second@2x.png in Resources */ = {isa = PBXBuildFile; fileRef = 0C1BC42717356AB6004F1E75 /* second@2x.png */; };
		0C1BC42F17356B86004F1E75 /* MapKit.framework in Frameworks */ = {isa = PBXBuildFile; fileRef = 0C1BC42E17356B86004F1E75 /* MapKit.framework */; };
		0C519E9D17359999001DF43F /* HBPropertyFeatureController.m in Sources */ = {isa = PBXBuildFile; fileRef = 0C519E9C17359999001DF43F /* HBPropertyFeatureController.m */; };
		0CBBD9FF17359DBC007EEBCC /* HBFeatureController.m in Sources */ = {isa = PBXBuildFile; fileRef = 0CBBD9FE17359DBC007EEBCC /* HBFeatureController.m */; };
		0CBBDA011735A880007EEBCC /* house.jpg in Resources */ = {isa = PBXBuildFile; fileRef = 0CBBDA001735A880007EEBCC /* house.jpg */; };
		30042BB117357529002ACE9D /* libiSpeechSDK.a in Frameworks */ = {isa = PBXBuildFile; fileRef = 30042BB017357528002ACE9D /* libiSpeechSDK.a */; };
		30042BB31735754F002ACE9D /* iSpeechSDK.bundle in Resources */ = {isa = PBXBuildFile; fileRef = 30042BB21735754F002ACE9D /* iSpeechSDK.bundle */; };
		30042BB517357626002ACE9D /* AudioToolbox.framework in Frameworks */ = {isa = PBXBuildFile; fileRef = 30042BB417357626002ACE9D /* AudioToolbox.framework */; };
		30042BB717357635002ACE9D /* SystemConfiguration.framework in Frameworks */ = {isa = PBXBuildFile; fileRef = 30042BB617357635002ACE9D /* SystemConfiguration.framework */; };
		30042BB917357645002ACE9D /* Security.framework in Frameworks */ = {isa = PBXBuildFile; fileRef = 30042BB817357645002ACE9D /* Security.framework */; };
		30042BBB17357651002ACE9D /* CFNetwork.framework in Frameworks */ = {isa = PBXBuildFile; fileRef = 30042BBA17357651002ACE9D /* CFNetwork.framework */; };
		30042BC517358487002ACE9D /* HBCollectInfoViewController.m in Sources */ = {isa = PBXBuildFile; fileRef = 30042BC417358487002ACE9D /* HBCollectInfoViewController.m */; };
/* End PBXBuildFile section */

/* Begin PBXFileReference section */
		0C1BC3FA17356AB6004F1E75 /* Housebook.app */ = {isa = PBXFileReference; explicitFileType = wrapper.application; includeInIndex = 0; path = Housebook.app; sourceTree = BUILT_PRODUCTS_DIR; };
		0C1BC3FD17356AB6004F1E75 /* UIKit.framework */ = {isa = PBXFileReference; lastKnownFileType = wrapper.framework; name = UIKit.framework; path = System/Library/Frameworks/UIKit.framework; sourceTree = SDKROOT; };
		0C1BC3FF17356AB6004F1E75 /* Foundation.framework */ = {isa = PBXFileReference; lastKnownFileType = wrapper.framework; name = Foundation.framework; path = System/Library/Frameworks/Foundation.framework; sourceTree = SDKROOT; };
		0C1BC40117356AB6004F1E75 /* CoreGraphics.framework */ = {isa = PBXFileReference; lastKnownFileType = wrapper.framework; name = CoreGraphics.framework; path = System/Library/Frameworks/CoreGraphics.framework; sourceTree = SDKROOT; };
		0C1BC40517356AB6004F1E75 /* Housebook-Info.plist */ = {isa = PBXFileReference; lastKnownFileType = text.plist.xml; path = "Housebook-Info.plist"; sourceTree = "<group>"; };
		0C1BC40717356AB6004F1E75 /* en */ = {isa = PBXFileReference; lastKnownFileType = text.plist.strings; name = en; path = en.lproj/InfoPlist.strings; sourceTree = "<group>"; };
		0C1BC40917356AB6004F1E75 /* main.m */ = {isa = PBXFileReference; lastKnownFileType = sourcecode.c.objc; path = main.m; sourceTree = "<group>"; };
		0C1BC40B17356AB6004F1E75 /* Housebook-Prefix.pch */ = {isa = PBXFileReference; lastKnownFileType = sourcecode.c.h; path = "Housebook-Prefix.pch"; sourceTree = "<group>"; };
		0C1BC40C17356AB6004F1E75 /* HBAppDelegate.h */ = {isa = PBXFileReference; lastKnownFileType = sourcecode.c.h; path = HBAppDelegate.h; sourceTree = "<group>"; };
		0C1BC40D17356AB6004F1E75 /* HBAppDelegate.m */ = {isa = PBXFileReference; lastKnownFileType = sourcecode.c.objc; path = HBAppDelegate.m; sourceTree = "<group>"; };
		0C1BC40F17356AB6004F1E75 /* Default.png */ = {isa = PBXFileReference; lastKnownFileType = image.png; path = Default.png; sourceTree = "<group>"; };
		0C1BC41117356AB6004F1E75 /* Default@2x.png */ = {isa = PBXFileReference; lastKnownFileType = image.png; path = "Default@2x.png"; sourceTree = "<group>"; };
		0C1BC41317356AB6004F1E75 /* Default-568h@2x.png */ = {isa = PBXFileReference; lastKnownFileType = image.png; path = "Default-568h@2x.png"; sourceTree = "<group>"; };
		0C1BC41617356AB6004F1E75 /* en */ = {isa = PBXFileReference; lastKnownFileType = file.storyboard; name = en; path = en.lproj/MainStoryboard_iPhone.storyboard; sourceTree = "<group>"; };
		0C1BC41917356AB6004F1E75 /* en */ = {isa = PBXFileReference; lastKnownFileType = file.storyboard; name = en; path = en.lproj/MainStoryboard_iPad.storyboard; sourceTree = "<group>"; };
		0C1BC41B17356AB6004F1E75 /* HBFirstViewController.h */ = {isa = PBXFileReference; lastKnownFileType = sourcecode.c.h; path = HBFirstViewController.h; sourceTree = "<group>"; };
		0C1BC41C17356AB6004F1E75 /* HBFirstViewController.m */ = {isa = PBXFileReference; lastKnownFileType = sourcecode.c.objc; path = HBFirstViewController.m; sourceTree = "<group>"; };
		0C1BC41E17356AB6004F1E75 /* first.png */ = {isa = PBXFileReference; lastKnownFileType = image.png; path = first.png; sourceTree = "<group>"; };
		0C1BC42017356AB6004F1E75 /* first@2x.png */ = {isa = PBXFileReference; lastKnownFileType = image.png; path = "first@2x.png"; sourceTree = "<group>"; };
		0C1BC42217356AB6004F1E75 /* HBSecondViewController.h */ = {isa = PBXFileReference; lastKnownFileType = sourcecode.c.h; path = HBSecondViewController.h; sourceTree = "<group>"; };
		0C1BC42317356AB6004F1E75 /* HBSecondViewController.m */ = {isa = PBXFileReference; lastKnownFileType = sourcecode.c.objc; path = HBSecondViewController.m; sourceTree = "<group>"; };
		0C1BC42517356AB6004F1E75 /* second.png */ = {isa = PBXFileReference; lastKnownFileType = image.png; path = second.png; sourceTree = "<group>"; };
		0C1BC42717356AB6004F1E75 /* second@2x.png */ = {isa = PBXFileReference; lastKnownFileType = image.png; path = "second@2x.png"; sourceTree = "<group>"; };
		0C1BC42E17356B86004F1E75 /* MapKit.framework */ = {isa = PBXFileReference; lastKnownFileType = wrapper.framework; name = MapKit.framework; path = System/Library/Frameworks/MapKit.framework; sourceTree = SDKROOT; };
		0C519E9B17359999001DF43F /* HBPropertyFeatureController.h */ = {isa = PBXFileReference; fileEncoding = 4; lastKnownFileType = sourcecode.c.h; path = HBPropertyFeatureController.h; sourceTree = "<group>"; };
		0C519E9C17359999001DF43F /* HBPropertyFeatureController.m */ = {isa = PBXFileReference; fileEncoding = 4; lastKnownFileType = sourcecode.c.objc; path = HBPropertyFeatureController.m; sourceTree = "<group>"; };
		0CBBD9FD17359DBC007EEBCC /* HBFeatureController.h */ = {isa = PBXFileReference; fileEncoding = 4; lastKnownFileType = sourcecode.c.h; path = HBFeatureController.h; sourceTree = "<group>"; };
		0CBBD9FE17359DBC007EEBCC /* HBFeatureController.m */ = {isa = PBXFileReference; fileEncoding = 4; lastKnownFileType = sourcecode.c.objc; path = HBFeatureController.m; sourceTree = "<group>"; };
		0CBBDA001735A880007EEBCC /* house.jpg */ = {isa = PBXFileReference; lastKnownFileType = image.jpeg; path = house.jpg; sourceTree = "<group>"; };
		30042BB017357528002ACE9D /* libiSpeechSDK.a */ = {isa = PBXFileReference; lastKnownFileType = archive.ar; path = libiSpeechSDK.a; sourceTree = "<group>"; };
		30042BB21735754F002ACE9D /* iSpeechSDK.bundle */ = {isa = PBXFileReference; lastKnownFileType = "wrapper.plug-in"; path = iSpeechSDK.bundle; sourceTree = "<group>"; };
		30042BB417357626002ACE9D /* AudioToolbox.framework */ = {isa = PBXFileReference; lastKnownFileType = wrapper.framework; name = AudioToolbox.framework; path = System/Library/Frameworks/AudioToolbox.framework; sourceTree = SDKROOT; };
		30042BB617357635002ACE9D /* SystemConfiguration.framework */ = {isa = PBXFileReference; lastKnownFileType = wrapper.framework; name = SystemConfiguration.framework; path = System/Library/Frameworks/SystemConfiguration.framework; sourceTree = SDKROOT; };
		30042BB817357645002ACE9D /* Security.framework */ = {isa = PBXFileReference; lastKnownFileType = wrapper.framework; name = Security.framework; path = System/Library/Frameworks/Security.framework; sourceTree = SDKROOT; };
		30042BBA17357651002ACE9D /* CFNetwork.framework */ = {isa = PBXFileReference; lastKnownFileType = wrapper.framework; name = CFNetwork.framework; path = System/Library/Frameworks/CFNetwork.framework; sourceTree = SDKROOT; };
		30042BBD173577C9002ACE9D /* iSpeechSDK.h */ = {isa = PBXFileReference; fileEncoding = 4; lastKnownFileType = sourcecode.c.h; path = iSpeechSDK.h; sourceTree = "<group>"; };
		30042BBE173577C9002ACE9D /* ISSpeechRecognition.h */ = {isa = PBXFileReference; fileEncoding = 4; lastKnownFileType = sourcecode.c.h; path = ISSpeechRecognition.h; sourceTree = "<group>"; };
		30042BBF173577C9002ACE9D /* ISSpeechRecognitionLocales.h */ = {isa = PBXFileReference; fileEncoding = 4; lastKnownFileType = sourcecode.c.h; path = ISSpeechRecognitionLocales.h; sourceTree = "<group>"; };
		30042BC0173577C9002ACE9D /* ISSpeechRecognitionResult.h */ = {isa = PBXFileReference; fileEncoding = 4; lastKnownFileType = sourcecode.c.h; path = ISSpeechRecognitionResult.h; sourceTree = "<group>"; };
		30042BC1173577C9002ACE9D /* ISSpeechSynthesis.h */ = {isa = PBXFileReference; fileEncoding = 4; lastKnownFileType = sourcecode.c.h; path = ISSpeechSynthesis.h; sourceTree = "<group>"; };
		30042BC2173577C9002ACE9D /* ISSpeechSynthesisVoices.h */ = {isa = PBXFileReference; fileEncoding = 4; lastKnownFileType = sourcecode.c.h; path = ISSpeechSynthesisVoices.h; sourceTree = "<group>"; };
		30042BC317358487002ACE9D /* HBCollectInfoViewController.h */ = {isa = PBXFileReference; fileEncoding = 4; lastKnownFileType = sourcecode.c.h; path = HBCollectInfoViewController.h; sourceTree = "<group>"; };
		30042BC417358487002ACE9D /* HBCollectInfoViewController.m */ = {isa = PBXFileReference; fileEncoding = 4; lastKnownFileType = sourcecode.c.objc; path = HBCollectInfoViewController.m; sourceTree = "<group>"; };
/* End PBXFileReference section */

/* Begin PBXFrameworksBuildPhase section */
		0C1BC3F717356AB6004F1E75 /* Frameworks */ = {
			isa = PBXFrameworksBuildPhase;
			buildActionMask = 2147483647;
			files = (
				30042BBB17357651002ACE9D /* CFNetwork.framework in Frameworks */,
				30042BB917357645002ACE9D /* Security.framework in Frameworks */,
				30042BB717357635002ACE9D /* SystemConfiguration.framework in Frameworks */,
				30042BB517357626002ACE9D /* AudioToolbox.framework in Frameworks */,
				0C1BC42F17356B86004F1E75 /* MapKit.framework in Frameworks */,
				0C1BC3FE17356AB6004F1E75 /* UIKit.framework in Frameworks */,
				0C1BC40017356AB6004F1E75 /* Foundation.framework in Frameworks */,
				0C1BC40217356AB6004F1E75 /* CoreGraphics.framework in Frameworks */,
				30042BB117357529002ACE9D /* libiSpeechSDK.a in Frameworks */,
			);
			runOnlyForDeploymentPostprocessing = 0;
		};
/* End PBXFrameworksBuildPhase section */

/* Begin PBXGroup section */
		0C1BC3F117356AB6004F1E75 = {
			isa = PBXGroup;
			children = (
				30042BBA17357651002ACE9D /* CFNetwork.framework */,
				30042BB817357645002ACE9D /* Security.framework */,
				30042BB617357635002ACE9D /* SystemConfiguration.framework */,
				30042BB417357626002ACE9D /* AudioToolbox.framework */,
				0C1BC42E17356B86004F1E75 /* MapKit.framework */,
				0C1BC40317356AB6004F1E75 /* Housebook */,
				0C1BC3FC17356AB6004F1E75 /* Frameworks */,
				0C1BC3FB17356AB6004F1E75 /* Products */,
			);
			sourceTree = "<group>";
		};
		0C1BC3FB17356AB6004F1E75 /* Products */ = {
			isa = PBXGroup;
			children = (
				0C1BC3FA17356AB6004F1E75 /* Housebook.app */,
			);
			name = Products;
			sourceTree = "<group>";
		};
		0C1BC3FC17356AB6004F1E75 /* Frameworks */ = {
			isa = PBXGroup;
			children = (
				30042BB017357528002ACE9D /* libiSpeechSDK.a */,
				0C1BC3FD17356AB6004F1E75 /* UIKit.framework */,
				0C1BC3FF17356AB6004F1E75 /* Foundation.framework */,
				0C1BC40117356AB6004F1E75 /* CoreGraphics.framework */,
			);
			name = Frameworks;
			sourceTree = "<group>";
		};
		0C1BC40317356AB6004F1E75 /* Housebook */ = {
			isa = PBXGroup;
			children = (
				0CBBDA001735A880007EEBCC /* house.jpg */,
				30042BBC173577C9002ACE9D /* Headers */,
				0C1BC40C17356AB6004F1E75 /* HBAppDelegate.h */,
				0C1BC40D17356AB6004F1E75 /* HBAppDelegate.m */,
				0C1BC41517356AB6004F1E75 /* MainStoryboard_iPhone.storyboard */,
				0C1BC41817356AB6004F1E75 /* MainStoryboard_iPad.storyboard */,
				0C1BC41B17356AB6004F1E75 /* HBFirstViewController.h */,
				0C1BC41C17356AB6004F1E75 /* HBFirstViewController.m */,
				0C1BC41E17356AB6004F1E75 /* first.png */,
				0C1BC42017356AB6004F1E75 /* first@2x.png */,
				0C1BC42217356AB6004F1E75 /* HBSecondViewController.h */,
				0C1BC42317356AB6004F1E75 /* HBSecondViewController.m */,
				0C1BC42517356AB6004F1E75 /* second.png */,
				0C1BC42717356AB6004F1E75 /* second@2x.png */,
				0C1BC40417356AB6004F1E75 /* Supporting Files */,
				30042BC317358487002ACE9D /* HBCollectInfoViewController.h */,
				30042BC417358487002ACE9D /* HBCollectInfoViewController.m */,
				0C519E9B17359999001DF43F /* HBPropertyFeatureController.h */,
				0C519E9C17359999001DF43F /* HBPropertyFeatureController.m */,
				0CBBD9FD17359DBC007EEBCC /* HBFeatureController.h */,
				0CBBD9FE17359DBC007EEBCC /* HBFeatureController.m */,
			);
			path = Housebook;
			sourceTree = "<group>";
		};
		0C1BC40417356AB6004F1E75 /* Supporting Files */ = {
			isa = PBXGroup;
			children = (
				30042BB21735754F002ACE9D /* iSpeechSDK.bundle */,
				0C1BC40517356AB6004F1E75 /* Housebook-Info.plist */,
				0C1BC40617356AB6004F1E75 /* InfoPlist.strings */,
				0C1BC40917356AB6004F1E75 /* main.m */,
				0C1BC40B17356AB6004F1E75 /* Housebook-Prefix.pch */,
				0C1BC40F17356AB6004F1E75 /* Default.png */,
				0C1BC41117356AB6004F1E75 /* Default@2x.png */,
				0C1BC41317356AB6004F1E75 /* Default-568h@2x.png */,
			);
			name = "Supporting Files";
			sourceTree = "<group>";
		};
		30042BBC173577C9002ACE9D /* Headers */ = {
			isa = PBXGroup;
			children = (
				30042BBD173577C9002ACE9D /* iSpeechSDK.h */,
				30042BBE173577C9002ACE9D /* ISSpeechRecognition.h */,
				30042BBF173577C9002ACE9D /* ISSpeechRecognitionLocales.h */,
				30042BC0173577C9002ACE9D /* ISSpeechRecognitionResult.h */,
				30042BC1173577C9002ACE9D /* ISSpeechSynthesis.h */,
				30042BC2173577C9002ACE9D /* ISSpeechSynthesisVoices.h */,
			);
			path = Headers;
			sourceTree = "<group>";
		};
/* End PBXGroup section */

/* Begin PBXNativeTarget section */
		0C1BC3F917356AB6004F1E75 /* Housebook */ = {
			isa = PBXNativeTarget;
			buildConfigurationList = 0C1BC42B17356AB6004F1E75 /* Build configuration list for PBXNativeTarget "Housebook" */;
			buildPhases = (
				0C1BC3F617356AB6004F1E75 /* Sources */,
				0C1BC3F717356AB6004F1E75 /* Frameworks */,
				0C1BC3F817356AB6004F1E75 /* Resources */,
			);
			buildRules = (
			);
			dependencies = (
			);
			name = Housebook;
			productName = Housebook;
			productReference = 0C1BC3FA17356AB6004F1E75 /* Housebook.app */;
			productType = "com.apple.product-type.application";
		};
/* End PBXNativeTarget section */

/* Begin PBXProject section */
		0C1BC3F217356AB6004F1E75 /* Project object */ = {
			isa = PBXProject;
			attributes = {
				CLASSPREFIX = HB;
				LastUpgradeCheck = 0460;
				ORGANIZATIONNAME = HouseBookApp.com;
			};
			buildConfigurationList = 0C1BC3F517356AB6004F1E75 /* Build configuration list for PBXProject "Housebook" */;
			compatibilityVersion = "Xcode 3.2";
			developmentRegion = English;
			hasScannedForEncodings = 0;
			knownRegions = (
				en,
			);
			mainGroup = 0C1BC3F117356AB6004F1E75;
			productRefGroup = 0C1BC3FB17356AB6004F1E75 /* Products */;
			projectDirPath = "";
			projectRoot = "";
			targets = (
				0C1BC3F917356AB6004F1E75 /* Housebook */,
			);
		};
/* End PBXProject section */

/* Begin PBXResourcesBuildPhase section */
		0C1BC3F817356AB6004F1E75 /* Resources */ = {
			isa = PBXResourcesBuildPhase;
			buildActionMask = 2147483647;
			files = (
				0C1BC40817356AB6004F1E75 /* InfoPlist.strings in Resources */,
				0C1BC41017356AB6004F1E75 /* Default.png in Resources */,
				0C1BC41217356AB6004F1E75 /* Default@2x.png in Resources */,
				0C1BC41417356AB6004F1E75 /* Default-568h@2x.png in Resources */,
				0C1BC41717356AB6004F1E75 /* MainStoryboard_iPhone.storyboard in Resources */,
				0C1BC41A17356AB6004F1E75 /* MainStoryboard_iPad.storyboard in Resources */,
				0C1BC41F17356AB6004F1E75 /* first.png in Resources */,
				0C1BC42117356AB6004F1E75 /* first@2x.png in Resources */,
				0C1BC42617356AB6004F1E75 /* second.png in Resources */,
				0C1BC42817356AB6004F1E75 /* second@2x.png in Resources */,
				30042BB31735754F002ACE9D /* iSpeechSDK.bundle in Resources */,
				0CBBDA011735A880007EEBCC /* house.jpg in Resources */,
			);
			runOnlyForDeploymentPostprocessing = 0;
		};
/* End PBXResourcesBuildPhase section */

/* Begin PBXSourcesBuildPhase section */
		0C1BC3F617356AB6004F1E75 /* Sources */ = {
			isa = PBXSourcesBuildPhase;
			buildActionMask = 2147483647;
			files = (
				0C1BC40A17356AB6004F1E75 /* main.m in Sources */,
				0C1BC40E17356AB6004F1E75 /* HBAppDelegate.m in Sources */,
				0C1BC41D17356AB6004F1E75 /* HBFirstViewController.m in Sources */,
				0C1BC42417356AB6004F1E75 /* HBSecondViewController.m in Sources */,
				30042BC517358487002ACE9D /* HBCollectInfoViewController.m in Sources */,
				0C519E9D17359999001DF43F /* HBPropertyFeatureController.m in Sources */,
				0CBBD9FF17359DBC007EEBCC /* HBFeatureController.m in Sources */,
			);
			runOnlyForDeploymentPostprocessing = 0;
		};
/* End PBXSourcesBuildPhase section */

/* Begin PBXVariantGroup section */
		0C1BC40617356AB6004F1E75 /* InfoPlist.strings */ = {
			isa = PBXVariantGroup;
			children = (
				0C1BC40717356AB6004F1E75 /* en */,
			);
			name = InfoPlist.strings;
			sourceTree = "<group>";
		};
		0C1BC41517356AB6004F1E75 /* MainStoryboard_iPhone.storyboard */ = {
			isa = PBXVariantGroup;
			children = (
				0C1BC41617356AB6004F1E75 /* en */,
			);
			name = MainStoryboard_iPhone.storyboard;
			sourceTree = "<group>";
		};
		0C1BC41817356AB6004F1E75 /* MainStoryboard_iPad.storyboard */ = {
			isa = PBXVariantGroup;
			children = (
				0C1BC41917356AB6004F1E75 /* en */,
			);
			name = MainStoryboard_iPad.storyboard;
			sourceTree = "<group>";
		};
/* End PBXVariantGroup section */

/* Begin XCBuildConfiguration section */
		0C1BC42917356AB6004F1E75 /* Debug */ = {
			isa = XCBuildConfiguration;
			buildSettings = {
				ALWAYS_SEARCH_USER_PATHS = NO;
				CLANG_CXX_LANGUAGE_STANDARD = "gnu++0x";
				CLANG_CXX_LIBRARY = "libc++";
				CLANG_ENABLE_OBJC_ARC = YES;
				CLANG_WARN_CONSTANT_CONVERSION = YES;
				CLANG_WARN_EMPTY_BODY = YES;
				CLANG_WARN_ENUM_CONVERSION = YES;
				CLANG_WARN_INT_CONVERSION = YES;
				CLANG_WARN__DUPLICATE_METHOD_MATCH = YES;
				"CODE_SIGN_IDENTITY[sdk=iphoneos*]" = "iPhone Developer";
				COPY_PHASE_STRIP = NO;
				GCC_C_LANGUAGE_STANDARD = gnu99;
				GCC_DYNAMIC_NO_PIC = NO;
				GCC_OPTIMIZATION_LEVEL = 0;
				GCC_PREPROCESSOR_DEFINITIONS = (
					"DEBUG=1",
					"$(inherited)",
				);
				GCC_SYMBOLS_PRIVATE_EXTERN = NO;
				GCC_WARN_ABOUT_RETURN_TYPE = YES;
				GCC_WARN_UNINITIALIZED_AUTOS = YES;
				GCC_WARN_UNUSED_VARIABLE = YES;
				IPHONEOS_DEPLOYMENT_TARGET = 6.1;
				ONLY_ACTIVE_ARCH = YES;
				SDKROOT = iphoneos;
				TARGETED_DEVICE_FAMILY = "1,2";
			};
			name = Debug;
		};
		0C1BC42A17356AB6004F1E75 /* Release */ = {
			isa = XCBuildConfiguration;
			buildSettings = {
				ALWAYS_SEARCH_USER_PATHS = NO;
				CLANG_CXX_LANGUAGE_STANDARD = "gnu++0x";
				CLANG_CXX_LIBRARY = "libc++";
				CLANG_ENABLE_OBJC_ARC = YES;
				CLANG_WARN_CONSTANT_CONVERSION = YES;
				CLANG_WARN_EMPTY_BODY = YES;
				CLANG_WARN_ENUM_CONVERSION = YES;
				CLANG_WARN_INT_CONVERSION = YES;
				CLANG_WARN__DUPLICATE_METHOD_MATCH = YES;
				"CODE_SIGN_IDENTITY[sdk=iphoneos*]" = "iPhone Developer";
				COPY_PHASE_STRIP = YES;
				GCC_C_LANGUAGE_STANDARD = gnu99;
				GCC_WARN_ABOUT_RETURN_TYPE = YES;
				GCC_WARN_UNINITIALIZED_AUTOS = YES;
				GCC_WARN_UNUSED_VARIABLE = YES;
				IPHONEOS_DEPLOYMENT_TARGET = 6.1;
				OTHER_CFLAGS = "-DNS_BLOCK_ASSERTIONS=1";
				SDKROOT = iphoneos;
				TARGETED_DEVICE_FAMILY = "1,2";
				VALIDATE_PRODUCT = YES;
			};
			name = Release;
		};
		0C1BC42C17356AB6004F1E75 /* Debug */ = {
			isa = XCBuildConfiguration;
			buildSettings = {
				GCC_PRECOMPILE_PREFIX_HEADER = YES;
				GCC_PREFIX_HEADER = "Housebook/Housebook-Prefix.pch";
				INFOPLIST_FILE = "Housebook/Housebook-Info.plist";
				LIBRARY_SEARCH_PATHS = (
					"$(inherited)",
					"\"$(SRCROOT)\"",
				);
				OTHER_LDFLAGS = "-ObjC";
				PRODUCT_NAME = "$(TARGET_NAME)";
				WRAPPER_EXTENSION = app;
			};
			name = Debug;
		};
		0C1BC42D17356AB6004F1E75 /* Release */ = {
			isa = XCBuildConfiguration;
			buildSettings = {
				GCC_PRECOMPILE_PREFIX_HEADER = YES;
				GCC_PREFIX_HEADER = "Housebook/Housebook-Prefix.pch";
				INFOPLIST_FILE = "Housebook/Housebook-Info.plist";
				LIBRARY_SEARCH_PATHS = (
					"$(inherited)",
					"\"$(SRCROOT)\"",
				);
				OTHER_LDFLAGS = "-ObjC";
				PRODUCT_NAME = "$(TARGET_NAME)";
				WRAPPER_EXTENSION = app;
			};
			name = Release;
		};
/* End XCBuildConfiguration section */

/* Begin XCConfigurationList section */
		0C1BC3F517356AB6004F1E75 /* Build configuration list for PBXProject "Housebook" */ = {
			isa = XCConfigurationList;
			buildConfigurations = (
				0C1BC42917356AB6004F1E75 /* Debug */,
				0C1BC42A17356AB6004F1E75 /* Release */,
			);
			defaultConfigurationIsVisible = 0;
			defaultConfigurationName = Release;
		};
		0C1BC42B17356AB6004F1E75 /* Build configuration list for PBXNativeTarget "Housebook" */ = {
			isa = XCConfigurationList;
			buildConfigurations = (
				0C1BC42C17356AB6004F1E75 /* Debug */,
				0C1BC42D17356AB6004F1E75 /* Release */,
			);
			defaultConfigurationIsVisible = 0;
			defaultConfigurationName = Release;
		};
/* End XCConfigurationList section */
	};
	rootObject = 0C1BC3F217356AB6004F1E75 /* Project object */;
}
